// !$*UTF8*$!
{
	archiveVersion = 1;
	classes = {
	};
	objectVersion = 46;
	objects = {

/* Begin PBXBuildFile section */
		54311E118E4B5D3209B3CD9A /* libPods-SteerpathSmartMapSdk.a in Frameworks */ = {isa = PBXBuildFile; fileRef = B9B946A14D696A939BC22047 /* libPods-SteerpathSmartMapSdk.a */; };
		B66B217922FAFF6B00E05A0B /* RNSmartMapView.m in Sources */ = {isa = PBXBuildFile; fileRef = B66B217822FAFF6B00E05A0B /* RNSmartMapView.m */; };
		B66B217C22FB07F400E05A0B /* RNSmartMapEventManager.m in Sources */ = {isa = PBXBuildFile; fileRef = B66B217B22FB07F400E05A0B /* RNSmartMapEventManager.m */; };
		B66F820D22F4358C00B6516F /* RNSmartMapManager.m in Sources */ = {isa = PBXBuildFile; fileRef = B66F820322F4358C00B6516F /* RNSmartMapManager.m */; };
		B66F820E22F4358C00B6516F /* RNSmartMapViewManager.m in Sources */ = {isa = PBXBuildFile; fileRef = B66F820622F4358C00B6516F /* RNSmartMapViewManager.m */; };
		B66F820F22F4358C00B6516F /* RCTConvert+SmartMapView.m in Sources */ = {isa = PBXBuildFile; fileRef = B66F820822F4358C00B6516F /* RCTConvert+SmartMapView.m */; };
		B66F821022F4358C00B6516F /* RNSmartGeofenceManager.m in Sources */ = {isa = PBXBuildFile; fileRef = B66F820922F4358C00B6516F /* RNSmartGeofenceManager.m */; };
/* End PBXBuildFile section */

/* Begin PBXCopyFilesBuildPhase section */
		58B511D91A9E6C8500147676 /* CopyFiles */ = {
			isa = PBXCopyFilesBuildPhase;
			buildActionMask = 2147483647;
			dstPath = "include/$(PRODUCT_NAME)";
			dstSubfolderSpec = 16;
			files = (
			);
			runOnlyForDeploymentPostprocessing = 0;
		};
/* End PBXCopyFilesBuildPhase section */

/* Begin PBXFileReference section */
		134814201AA4EA6300B7C361 /* libSteerpathSmartMapSdk.a */ = {isa = PBXFileReference; explicitFileType = archive.ar; includeInIndex = 0; path = libSteerpathSmartMapSdk.a; sourceTree = BUILT_PRODUCTS_DIR; };
		34CDFE83ADF1872D87ECE4E0 /* Pods-SteerpathSmartMapSdk.release.xcconfig */ = {isa = PBXFileReference; includeInIndex = 1; lastKnownFileType = text.xcconfig; name = "Pods-SteerpathSmartMapSdk.release.xcconfig"; path = "Target Support Files/Pods-SteerpathSmartMapSdk/Pods-SteerpathSmartMapSdk.release.xcconfig"; sourceTree = "<group>"; };
		9B3178C37E533A845BD4D634 /* Pods-SteerpathSmartMapSdk.debug.xcconfig */ = {isa = PBXFileReference; includeInIndex = 1; lastKnownFileType = text.xcconfig; name = "Pods-SteerpathSmartMapSdk.debug.xcconfig"; path = "Target Support Files/Pods-SteerpathSmartMapSdk/Pods-SteerpathSmartMapSdk.debug.xcconfig"; sourceTree = "<group>"; };
		B66B217722FAFF6B00E05A0B /* RNSmartMapView.h */ = {isa = PBXFileReference; lastKnownFileType = sourcecode.c.h; path = RNSmartMapView.h; sourceTree = "<group>"; };
		B66B217822FAFF6B00E05A0B /* RNSmartMapView.m */ = {isa = PBXFileReference; lastKnownFileType = sourcecode.c.objc; path = RNSmartMapView.m; sourceTree = "<group>"; };
		B66B217A22FB07F400E05A0B /* RNSmartMapEventManager.h */ = {isa = PBXFileReference; lastKnownFileType = sourcecode.c.h; path = RNSmartMapEventManager.h; sourceTree = "<group>"; };
		B66B217B22FB07F400E05A0B /* RNSmartMapEventManager.m */ = {isa = PBXFileReference; lastKnownFileType = sourcecode.c.objc; path = RNSmartMapEventManager.m; sourceTree = "<group>"; };
		B66F820322F4358C00B6516F /* RNSmartMapManager.m */ = {isa = PBXFileReference; fileEncoding = 4; lastKnownFileType = sourcecode.c.objc; path = RNSmartMapManager.m; sourceTree = "<group>"; };
		B66F820422F4358C00B6516F /* RCTConvert+SmartMapView.h */ = {isa = PBXFileReference; fileEncoding = 4; lastKnownFileType = sourcecode.c.h; path = "RCTConvert+SmartMapView.h"; sourceTree = "<group>"; };
		B66F820522F4358C00B6516F /* RNSmartMapViewManager.h */ = {isa = PBXFileReference; fileEncoding = 4; lastKnownFileType = sourcecode.c.h; path = RNSmartMapViewManager.h; sourceTree = "<group>"; };
		B66F820622F4358C00B6516F /* RNSmartMapViewManager.m */ = {isa = PBXFileReference; fileEncoding = 4; lastKnownFileType = sourcecode.c.objc; path = RNSmartMapViewManager.m; sourceTree = "<group>"; };
		B66F820722F4358C00B6516F /* RNSmartGeofenceManager.h */ = {isa = PBXFileReference; fileEncoding = 4; lastKnownFileType = sourcecode.c.h; path = RNSmartGeofenceManager.h; sourceTree = "<group>"; };
		B66F820822F4358C00B6516F /* RCTConvert+SmartMapView.m */ = {isa = PBXFileReference; fileEncoding = 4; lastKnownFileType = sourcecode.c.objc; path = "RCTConvert+SmartMapView.m"; sourceTree = "<group>"; };
		B66F820922F4358C00B6516F /* RNSmartGeofenceManager.m */ = {isa = PBXFileReference; fileEncoding = 4; lastKnownFileType = sourcecode.c.objc; path = RNSmartGeofenceManager.m; sourceTree = "<group>"; };
		B66F820A22F4358C00B6516F /* RNSmartMapManager.h */ = {isa = PBXFileReference; fileEncoding = 4; lastKnownFileType = sourcecode.c.h; path = RNSmartMapManager.h; sourceTree = "<group>"; };
		B9B946A14D696A939BC22047 /* libPods-SteerpathSmartMapSdk.a */ = {isa = PBXFileReference; explicitFileType = archive.ar; includeInIndex = 0; path = "libPods-SteerpathSmartMapSdk.a"; sourceTree = BUILT_PRODUCTS_DIR; };
/* End PBXFileReference section */

/* Begin PBXFrameworksBuildPhase section */
		58B511D81A9E6C8500147676 /* Frameworks */ = {
			isa = PBXFrameworksBuildPhase;
			buildActionMask = 2147483647;
			files = (
				54311E118E4B5D3209B3CD9A /* libPods-SteerpathSmartMapSdk.a in Frameworks */,
			);
			runOnlyForDeploymentPostprocessing = 0;
		};
/* End PBXFrameworksBuildPhase section */

/* Begin PBXGroup section */
		134814211AA4EA7D00B7C361 /* Products */ = {
			isa = PBXGroup;
			children = (
				134814201AA4EA6300B7C361 /* libSteerpathSmartMapSdk.a */,
			);
			name = Products;
			sourceTree = "<group>";
		};
		58B511D21A9E6C8500147676 = {
			isa = PBXGroup;
			children = (
				B66B217A22FB07F400E05A0B /* RNSmartMapEventManager.h */,
				B66B217B22FB07F400E05A0B /* RNSmartMapEventManager.m */,
				B66B217722FAFF6B00E05A0B /* RNSmartMapView.h */,
				B66B217822FAFF6B00E05A0B /* RNSmartMapView.m */,
				B66F820422F4358C00B6516F /* RCTConvert+SmartMapView.h */,
				B66F820822F4358C00B6516F /* RCTConvert+SmartMapView.m */,
				B66F820722F4358C00B6516F /* RNSmartGeofenceManager.h */,
				B66F820922F4358C00B6516F /* RNSmartGeofenceManager.m */,
				B66F820A22F4358C00B6516F /* RNSmartMapManager.h */,
				B66F820322F4358C00B6516F /* RNSmartMapManager.m */,
				B66F820522F4358C00B6516F /* RNSmartMapViewManager.h */,
				B66F820622F4358C00B6516F /* RNSmartMapViewManager.m */,
				134814211AA4EA7D00B7C361 /* Products */,
				729AE9910076D7C7A2773EBB /* Pods */,
				9F7F61C231EEC5D4C00ED173 /* Frameworks */,
			);
			sourceTree = "<group>";
		};
		729AE9910076D7C7A2773EBB /* Pods */ = {
			isa = PBXGroup;
			children = (
				9B3178C37E533A845BD4D634 /* Pods-SteerpathSmartMapSdk.debug.xcconfig */,
				34CDFE83ADF1872D87ECE4E0 /* Pods-SteerpathSmartMapSdk.release.xcconfig */,
			);
			path = Pods;
			sourceTree = "<group>";
		};
		9F7F61C231EEC5D4C00ED173 /* Frameworks */ = {
			isa = PBXGroup;
			children = (
				B9B946A14D696A939BC22047 /* libPods-SteerpathSmartMapSdk.a */,
			);
			name = Frameworks;
			sourceTree = "<group>";
		};
/* End PBXGroup section */

/* Begin PBXNativeTarget section */
		58B511DA1A9E6C8500147676 /* SteerpathSmartMapSdk */ = {
			isa = PBXNativeTarget;
			buildConfigurationList = 58B511EF1A9E6C8500147676 /* Build configuration list for PBXNativeTarget "SteerpathSmartMapSdk" */;
			buildPhases = (
				1DF3AA6E9186207984EA2F22 /* [CP] Check Pods Manifest.lock */,
				58B511D71A9E6C8500147676 /* Sources */,
				58B511D81A9E6C8500147676 /* Frameworks */,
				58B511D91A9E6C8500147676 /* CopyFiles */,
			);
			buildRules = (
			);
			dependencies = (
			);
			name = SteerpathSmartMapSdk;
			productName = RCTDataManager;
			productReference = 134814201AA4EA6300B7C361 /* libSteerpathSmartMapSdk.a */;
			productType = "com.apple.product-type.library.static";
		};
/* End PBXNativeTarget section */

/* Begin PBXProject section */
		58B511D31A9E6C8500147676 /* Project object */ = {
			isa = PBXProject;
			attributes = {
				LastUpgradeCheck = 0920;
				ORGANIZATIONNAME = Facebook;
				TargetAttributes = {
					58B511DA1A9E6C8500147676 = {
						CreatedOnToolsVersion = 6.1.1;
					};
				};
			};
			buildConfigurationList = 58B511D61A9E6C8500147676 /* Build configuration list for PBXProject "SteerpathSmartMapSdk" */;
			compatibilityVersion = "Xcode 3.2";
			developmentRegion = English;
			hasScannedForEncodings = 0;
			knownRegions = (
				English,
				en,
			);
			mainGroup = 58B511D21A9E6C8500147676;
			productRefGroup = 58B511D21A9E6C8500147676;
			projectDirPath = "";
			projectRoot = "";
			targets = (
				58B511DA1A9E6C8500147676 /* SteerpathSmartMapSdk */,
			);
		};
/* End PBXProject section */

/* Begin PBXShellScriptBuildPhase section */
		1DF3AA6E9186207984EA2F22 /* [CP] Check Pods Manifest.lock */ = {
			isa = PBXShellScriptBuildPhase;
			buildActionMask = 2147483647;
			files = (
			);
			inputFileListPaths = (
			);
			inputPaths = (
				"${PODS_PODFILE_DIR_PATH}/Podfile.lock",
				"${PODS_ROOT}/Manifest.lock",
			);
			name = "[CP] Check Pods Manifest.lock";
			outputFileListPaths = (
			);
			outputPaths = (
				"$(DERIVED_FILE_DIR)/Pods-SteerpathSmartMapSdk-checkManifestLockResult.txt",
			);
			runOnlyForDeploymentPostprocessing = 0;
			shellPath = /bin/sh;
			shellScript = "diff \"${PODS_PODFILE_DIR_PATH}/Podfile.lock\" \"${PODS_ROOT}/Manifest.lock\" > /dev/null\nif [ $? != 0 ] ; then\n    # print error to STDERR\n    echo \"error: The sandbox is not in sync with the Podfile.lock. Run 'pod install' or update your CocoaPods installation.\" >&2\n    exit 1\nfi\n# This output is used by Xcode 'outputs' to avoid re-running this script phase.\necho \"SUCCESS\" > \"${SCRIPT_OUTPUT_FILE_0}\"\n";
			showEnvVarsInLog = 0;
		};
/* End PBXShellScriptBuildPhase section */

/* Begin PBXSourcesBuildPhase section */
		58B511D71A9E6C8500147676 /* Sources */ = {
			isa = PBXSourcesBuildPhase;
			buildActionMask = 2147483647;
			files = (
				B66F820E22F4358C00B6516F /* RNSmartMapViewManager.m in Sources */,
				B66F820F22F4358C00B6516F /* RCTConvert+SmartMapView.m in Sources */,
				B66F820D22F4358C00B6516F /* RNSmartMapManager.m in Sources */,
				B66F821022F4358C00B6516F /* RNSmartGeofenceManager.m in Sources */,
				B66B217922FAFF6B00E05A0B /* RNSmartMapView.m in Sources */,
				B66B217C22FB07F400E05A0B /* RNSmartMapEventManager.m in Sources */,
			);
			runOnlyForDeploymentPostprocessing = 0;
		};
/* End PBXSourcesBuildPhase section */

/* Begin XCBuildConfiguration section */
		58B511ED1A9E6C8500147676 /* Debug */ = {
			isa = XCBuildConfiguration;
			buildSettings = {
				ALWAYS_SEARCH_USER_PATHS = NO;
				CLANG_CXX_LANGUAGE_STANDARD = "gnu++0x";
				CLANG_CXX_LIBRARY = "libc++";
				CLANG_ENABLE_MODULES = YES;
				CLANG_ENABLE_OBJC_ARC = YES;
				CLANG_WARN_BLOCK_CAPTURE_AUTORELEASING = YES;
				CLANG_WARN_BOOL_CONVERSION = YES;
				CLANG_WARN_COMMA = YES;
				CLANG_WARN_CONSTANT_CONVERSION = YES;
				CLANG_WARN_DIRECT_OBJC_ISA_USAGE = YES_ERROR;
				CLANG_WARN_EMPTY_BODY = YES;
				CLANG_WARN_ENUM_CONVERSION = YES;
				CLANG_WARN_INFINITE_RECURSION = YES;
				CLANG_WARN_INT_CONVERSION = YES;
				CLANG_WARN_NON_LITERAL_NULL_CONVERSION = YES;
				CLANG_WARN_OBJC_LITERAL_CONVERSION = YES;
				CLANG_WARN_OBJC_ROOT_CLASS = YES_ERROR;
				CLANG_WARN_RANGE_LOOP_ANALYSIS = YES;
				CLANG_WARN_STRICT_PROTOTYPES = YES;
				CLANG_WARN_SUSPICIOUS_MOVE = YES;
				CLANG_WARN_UNREACHABLE_CODE = YES;
				CLANG_WARN__DUPLICATE_METHOD_MATCH = YES;
				COPY_PHASE_STRIP = NO;
				ENABLE_STRICT_OBJC_MSGSEND = YES;
				ENABLE_TESTABILITY = YES;
				GCC_C_LANGUAGE_STANDARD = gnu99;
				GCC_DYNAMIC_NO_PIC = NO;
				GCC_NO_COMMON_BLOCKS = YES;
				GCC_OPTIMIZATION_LEVEL = 0;
				GCC_PREPROCESSOR_DEFINITIONS = (
					"DEBUG=1",
					"$(inherited)",
				);
				GCC_SYMBOLS_PRIVATE_EXTERN = NO;
				GCC_WARN_64_TO_32_BIT_CONVERSION = YES;
				GCC_WARN_ABOUT_RETURN_TYPE = YES_ERROR;
				GCC_WARN_UNDECLARED_SELECTOR = YES;
				GCC_WARN_UNINITIALIZED_AUTOS = YES_AGGRESSIVE;
				GCC_WARN_UNUSED_FUNCTION = YES;
				GCC_WARN_UNUSED_VARIABLE = YES;
				IPHONEOS_DEPLOYMENT_TARGET = 8.0;
				MTL_ENABLE_DEBUG_INFO = YES;
				ONLY_ACTIVE_ARCH = YES;
				SDKROOT = iphoneos;
			};
			name = Debug;
		};
		58B511EE1A9E6C8500147676 /* Release */ = {
			isa = XCBuildConfiguration;
			buildSettings = {
				ALWAYS_SEARCH_USER_PATHS = NO;
				CLANG_CXX_LANGUAGE_STANDARD = "gnu++0x";
				CLANG_CXX_LIBRARY = "libc++";
				CLANG_ENABLE_MODULES = YES;
				CLANG_ENABLE_OBJC_ARC = YES;
				CLANG_WARN_BLOCK_CAPTURE_AUTORELEASING = YES;
				CLANG_WARN_BOOL_CONVERSION = YES;
				CLANG_WARN_COMMA = YES;
				CLANG_WARN_CONSTANT_CONVERSION = YES;
				CLANG_WARN_DIRECT_OBJC_ISA_USAGE = YES_ERROR;
				CLANG_WARN_EMPTY_BODY = YES;
				CLANG_WARN_ENUM_CONVERSION = YES;
				CLANG_WARN_INFINITE_RECURSION = YES;
				CLANG_WARN_INT_CONVERSION = YES;
				CLANG_WARN_NON_LITERAL_NULL_CONVERSION = YES;
				CLANG_WARN_OBJC_LITERAL_CONVERSION = YES;
				CLANG_WARN_OBJC_ROOT_CLASS = YES_ERROR;
				CLANG_WARN_RANGE_LOOP_ANALYSIS = YES;
				CLANG_WARN_STRICT_PROTOTYPES = YES;
				CLANG_WARN_SUSPICIOUS_MOVE = YES;
				CLANG_WARN_UNREACHABLE_CODE = YES;
				CLANG_WARN__DUPLICATE_METHOD_MATCH = YES;
				COPY_PHASE_STRIP = YES;
				ENABLE_NS_ASSERTIONS = NO;
				ENABLE_STRICT_OBJC_MSGSEND = YES;
				GCC_C_LANGUAGE_STANDARD = gnu99;
				GCC_NO_COMMON_BLOCKS = YES;
				GCC_WARN_64_TO_32_BIT_CONVERSION = YES;
				GCC_WARN_ABOUT_RETURN_TYPE = YES_ERROR;
				GCC_WARN_UNDECLARED_SELECTOR = YES;
				GCC_WARN_UNINITIALIZED_AUTOS = YES_AGGRESSIVE;
				GCC_WARN_UNUSED_FUNCTION = YES;
				GCC_WARN_UNUSED_VARIABLE = YES;
				IPHONEOS_DEPLOYMENT_TARGET = 8.0;
				MTL_ENABLE_DEBUG_INFO = NO;
				SDKROOT = iphoneos;
				VALIDATE_PRODUCT = YES;
			};
			name = Release;
		};
		58B511F01A9E6C8500147676 /* Debug */ = {
			isa = XCBuildConfiguration;
			baseConfigurationReference = 9B3178C37E533A845BD4D634 /* Pods-SteerpathSmartMapSdk.debug.xcconfig */;
			buildSettings = {
				HEADER_SEARCH_PATHS = (
					"$(inherited)",
					/Applications/Xcode.app/Contents/Developer/Toolchains/XcodeDefault.xctoolchain/usr/include,
					"$(SRCROOT)/../../../React/**",
					"$(SRCROOT)/../../react-native/React/**",
				);
				LIBRARY_SEARCH_PATHS = "$(inherited)";
				OTHER_LDFLAGS = "-ObjC";
				PRODUCT_NAME = SteerpathSmartMapSdk;
				SKIP_INSTALL = YES;
			};
			name = Debug;
		};
		58B511F11A9E6C8500147676 /* Release */ = {
			isa = XCBuildConfiguration;
			baseConfigurationReference = 34CDFE83ADF1872D87ECE4E0 /* Pods-SteerpathSmartMapSdk.release.xcconfig */;
			buildSettings = {
				HEADER_SEARCH_PATHS = (
					"$(inherited)",
					/Applications/Xcode.app/Contents/Developer/Toolchains/XcodeDefault.xctoolchain/usr/include,
					"$(SRCROOT)/../../../React/**",
					"$(SRCROOT)/../../react-native/React/**",
				);
				LIBRARY_SEARCH_PATHS = "$(inherited)";
				OTHER_LDFLAGS = "-ObjC";
				PRODUCT_NAME = SteerpathSmartMapSdk;
				SKIP_INSTALL = YES;
			};
			name = Release;
		};
/* End XCBuildConfiguration section */

/* Begin XCConfigurationList section */
		58B511D61A9E6C8500147676 /* Build configuration list for PBXProject "SteerpathSmartMapSdk" */ = {
			isa = XCConfigurationList;
			buildConfigurations = (
				58B511ED1A9E6C8500147676 /* Debug */,
				58B511EE1A9E6C8500147676 /* Release */,
			);
			defaultConfigurationIsVisible = 0;
			defaultConfigurationName = Release;
		};
		58B511EF1A9E6C8500147676 /* Build configuration list for PBXNativeTarget "SteerpathSmartMapSdk" */ = {
			isa = XCConfigurationList;
			buildConfigurations = (
				58B511F01A9E6C8500147676 /* Debug */,
				58B511F11A9E6C8500147676 /* Release */,
			);
			defaultConfigurationIsVisible = 0;
			defaultConfigurationName = Release;
		};
/* End XCConfigurationList section */
	};
	rootObject = 58B511D31A9E6C8500147676 /* Project object */;
}
